
Microsoft Visual Studio Solution File, Format Version 12.00
# Visual Studio Version 16
VisualStudioVersion = 16.0.31729.503
MinimumVisualStudioVersion = 10.0.40219.1
Project("{FAE04EC0-301F-11D3-BF4B-00C04F79EFBC}") = "prac2.3(c)", "prac2.3(c)\prac2.3(c).csproj", "{F01B189F-9E02-4DBF-BA29-821E8863F30F}"
EndProject
Global
	GlobalSection(SolutionConfigurationPlatforms) = preSolution
		Debug|Any CPU = Debug|Any CPU
		Release|Any CPU = Release|Any CPU
	EndGlobalSection
	GlobalSection(ProjectConfigurationPlatforms) = postSolution
		{F01B189F-9E02-4DBF-BA29-821E8863F30F}.Debug|Any CPU.ActiveCfg = Debug|Any CPU
		{F01B189F-9E02-4DBF-BA29-821E8863F30F}.Debug|Any CPU.Build.0 = Debug|Any CPU
		{F01B189F-9E02-4DBF-BA29-821E8863F30F}.Release|Any CPU.ActiveCfg = Release|Any CPU
		{F01B189F-9E02-4DBF-BA29-821E8863F30F}.Release|Any CPU.Build.0 = Release|Any CPU
	EndGlobalSection
	GlobalSection(SolutionProperties) = preSolution
		HideSolutionNode = FALSE
	EndGlobalSection
	GlobalSection(ExtensibilityGlobals) = postSolution
		SolutionGuid = {DE1D10C8-B624-4BAA-835B-EA7A965D2F18}
	EndGlobalSection
EndGlobal
